PODS:
  - Alamofire (4.9.1)
  - hpple (0.3.0)
  - PromiseKit (6.18.1):
    - PromiseKit/CorePromise (= 6.18.1)
    - PromiseKit/Foundation (= 6.18.1)
    - PromiseKit/UIKit (= 6.18.1)
  - PromiseKit/CorePromise (6.18.1)
  - PromiseKit/Foundation (6.18.1):
    - PromiseKit/CorePromise
  - Realm (10.49.1):
    - Realm/Headers (= 10.49.1)
  - Realm/Headers (10.49.1)
  - RealmSwift (10.49.1):
    - Realm (= 10.49.1)
  - SAMKeychain (1.5.3)
  - SwiftyJSON (5.0.1)

DEPENDENCIES:
  - Alamofire (~> 4)
  - hpple (from `https://github.com/topfunky/hpple.git`)
  - PromiseKit (~> 6)
  - RealmSwift (~> 10)
  - SAMKeychain (~> 1.5.0)
  - SwiftyJSON (~> 5)

SPEC REPOS:
  trunk:
    - Alamofire
    - PromiseKit
    - Realm
    - RealmSwift
    - SAMKeychain
    - SwiftyJSON

EXTERNAL SOURCES:
  hpple:
    :git: https://github.com/topfunky/hpple.git

CHECKOUT OPTIONS:
  hpple:
    :commit: ba66fa9d4a116d758f470cb664c31eb3e14909c9
    :git: https://github.com/topfunky/hpple.git

SPEC CHECKSUMS:
  Alamofire: 85e8a02c69d6020a0d734f6054870d7ecb75cf18
  hpple: 37ac0a804d0f8a7f488712b5ff5f06129e1c9e31
  PromiseKit: 49d70c53d5d20e346beaea4b276b5dd2ab446bb4
  Realm: 1fab4a224fd7a294eca142a0efe8b54546290fbf
  RealmSwift: 7c3a9c001161eb01b96b171ad965a9c498b962b0
  SAMKeychain: 483e1c9f32984d50ca961e26818a534283b4cd5c
  SwiftyJSON: 2f33a42c6fbc52764d96f13368585094bfd8aa5e

PODFILE CHECKSUM: 399d0343cd4f004006815a850bcd19963929db9e

COCOAPODS: 1.15.2
